
Microsoft Visual Studio Solution File, Format Version 12.00
# Visual Studio Version 16
VisualStudioVersion = 16.0.32630.194
MinimumVisualStudioVersion = 10.0.40219.1
Project("{FAE04EC0-301F-11D3-BF4B-00C04F79EFBC}") = "readlogfile", "readlogfile\readlogfile.csproj", "{B82AF559-039D-410F-8669-9228CA2E322A}"
EndProject
Global
	GlobalSection(SolutionConfigurationPlatforms) = preSolution
		Debug|Any CPU = Debug|Any CPU
		Release|Any CPU = Release|Any CPU
	EndGlobalSection
	GlobalSection(ProjectConfigurationPlatforms) = postSolution
		{B82AF559-039D-410F-8669-9228CA2E322A}.Debug|Any CPU.ActiveCfg = Debug|Any CPU
		{B82AF559-039D-410F-8669-9228CA2E322A}.Debug|Any CPU.Build.0 = Debug|Any CPU
		{B82AF559-039D-410F-8669-9228CA2E322A}.Release|Any CPU.ActiveCfg = Release|Any CPU
		{B82AF559-039D-410F-8669-9228CA2E322A}.Release|Any CPU.Build.0 = Release|Any CPU
	EndGlobalSection
	GlobalSection(SolutionProperties) = preSolution
		HideSolutionNode = FALSE
	EndGlobalSection
	GlobalSection(ExtensibilityGlobals) = postSolution
		SolutionGuid = {80989271-8E15-4B36-B2A3-B86176303D04}
	EndGlobalSection
EndGlobal
